
Microsoft Visual Studio Solution File, Format Version 12.00
# Visual Studio Version 17
VisualStudioVersion = 17.8.34330.188
MinimumVisualStudioVersion = 10.0.40219.1
Project("{FAE04EC0-301F-11D3-BF4B-00C04F79EFBC}") = "CampoMinato", "CampoMinato\CampoMinato.csproj", "{ADE1DFCF-EC29-412E-8675-08B712F24150}"
EndProject
Global
	GlobalSection(SolutionConfigurationPlatforms) = preSolution
		Debug|Any CPU = Debug|Any CPU
		Release|Any CPU = Release|Any CPU
	EndGlobalSection
	GlobalSection(ProjectConfigurationPlatforms) = postSolution
		{ADE1DFCF-EC29-412E-8675-08B712F24150}.Debug|Any CPU.ActiveCfg = Debug|Any CPU
		{ADE1DFCF-EC29-412E-8675-08B712F24150}.Debug|Any CPU.Build.0 = Debug|Any CPU
		{ADE1DFCF-EC29-412E-8675-08B712F24150}.Release|Any CPU.ActiveCfg = Release|Any CPU
		{ADE1DFCF-EC29-412E-8675-08B712F24150}.Release|Any CPU.Build.0 = Release|Any CPU
	EndGlobalSection
	GlobalSection(SolutionProperties) = preSolution
		HideSolutionNode = FALSE
	EndGlobalSection
	GlobalSection(ExtensibilityGlobals) = postSolution
		SolutionGuid = {E27C8AF2-E8B8-4A6F-A897-735ACEA8B4EE}
	EndGlobalSection
EndGlobal
